
Microsoft Visual Studio Solution File, Format Version 12.00
# Visual Studio 15
VisualStudioVersion = 15.0.26014.0
MinimumVisualStudioVersion = 10.0.40219.1
Project("{FAE04EC0-301F-11D3-BF4B-00C04F79EFBC}") = "KLibCore", "KLibCore\KLibCore.csproj", "{E80C0A0E-CF44-48F8-A377-46FB5E1D10A8}"
EndProject
Project("{FAE04EC0-301F-11D3-BF4B-00C04F79EFBC}") = "KLibLog", "KLibLog\KLibLog.csproj", "{AD71C6BD-66D8-4EEA-BAC4-B12C7F519EFB}"
EndProject
Project("{FAE04EC0-301F-11D3-BF4B-00C04F79EFBC}") = "KLibRouter", "KLibRouter\KLibRouter.csproj", "{67769DF1-C9C7-4220-B541-3C0EE12068EA}"
EndProject
Project("{FAE04EC0-301F-11D3-BF4B-00C04F79EFBC}") = "KLib.Echo", "KLib.Echo\KLib.Echo.csproj", "{1C93448F-0446-442B-96E2-BE944BFD15C6}"
EndProject
Project("{FAE04EC0-301F-11D3-BF4B-00C04F79EFBC}") = "KLibHttp", "KLibHttp\KLibHttp.csproj", "{795F5F2D-8D35-4475-B49A-4D9931EB9E6A}"
EndProject
Project("{FAE04EC0-301F-11D3-BF4B-00C04F79EFBC}") = "KLib.Spider", "KLib.Spider\KLib.Spider.csproj", "{A729CD30-498F-4C03-8C43-ECFB6FD70E90}"
EndProject
Project("{FAE04EC0-301F-11D3-BF4B-00C04F79EFBC}") = "SpiderDemo", "SpiderDemo\SpiderDemo.csproj", "{F8ABFD8F-541B-4E22-9B1B-62CE32FB54E7}"
EndProject
Project("{FAE04EC0-301F-11D3-BF4B-00C04F79EFBC}") = "KLib.Rss", "KLib.Rss\KLib.Rss.csproj", "{E5B83928-8C71-4090-8420-7A5CAB386321}"
EndProject
Global
	GlobalSection(SolutionConfigurationPlatforms) = preSolution
		Debug|Any CPU = Debug|Any CPU
		Debug|x64 = Debug|x64
		Debug|x86 = Debug|x86
		Release|Any CPU = Release|Any CPU
		Release|x64 = Release|x64
		Release|x86 = Release|x86
	EndGlobalSection
	GlobalSection(ProjectConfigurationPlatforms) = postSolution
		{E80C0A0E-CF44-48F8-A377-46FB5E1D10A8}.Debug|Any CPU.ActiveCfg = Debug|Any CPU
		{E80C0A0E-CF44-48F8-A377-46FB5E1D10A8}.Debug|Any CPU.Build.0 = Debug|Any CPU
		{E80C0A0E-CF44-48F8-A377-46FB5E1D10A8}.Debug|x64.ActiveCfg = Debug|Any CPU
		{E80C0A0E-CF44-48F8-A377-46FB5E1D10A8}.Debug|x64.Build.0 = Debug|Any CPU
		{E80C0A0E-CF44-48F8-A377-46FB5E1D10A8}.Debug|x86.ActiveCfg = Debug|Any CPU
		{E80C0A0E-CF44-48F8-A377-46FB5E1D10A8}.Debug|x86.Build.0 = Debug|Any CPU
		{E80C0A0E-CF44-48F8-A377-46FB5E1D10A8}.Release|Any CPU.ActiveCfg = Release|Any CPU
		{E80C0A0E-CF44-48F8-A377-46FB5E1D10A8}.Release|Any CPU.Build.0 = Release|Any CPU
		{E80C0A0E-CF44-48F8-A377-46FB5E1D10A8}.Release|x64.ActiveCfg = Release|Any CPU
		{E80C0A0E-CF44-48F8-A377-46FB5E1D10A8}.Release|x64.Build.0 = Release|Any CPU
		{E80C0A0E-CF44-48F8-A377-46FB5E1D10A8}.Release|x86.ActiveCfg = Release|Any CPU
		{E80C0A0E-CF44-48F8-A377-46FB5E1D10A8}.Release|x86.Build.0 = Release|Any CPU
		{AD71C6BD-66D8-4EEA-BAC4-B12C7F519EFB}.Debug|Any CPU.ActiveCfg = Debug|Any CPU
		{AD71C6BD-66D8-4EEA-BAC4-B12C7F519EFB}.Debug|Any CPU.Build.0 = Debug|Any CPU
		{AD71C6BD-66D8-4EEA-BAC4-B12C7F519EFB}.Debug|x64.ActiveCfg = Debug|Any CPU
		{AD71C6BD-66D8-4EEA-BAC4-B12C7F519EFB}.Debug|x64.Build.0 = Debug|Any CPU
		{AD71C6BD-66D8-4EEA-BAC4-B12C7F519EFB}.Debug|x86.ActiveCfg = Debug|Any CPU
		{AD71C6BD-66D8-4EEA-BAC4-B12C7F519EFB}.Debug|x86.Build.0 = Debug|Any CPU
		{AD71C6BD-66D8-4EEA-BAC4-B12C7F519EFB}.Release|Any CPU.ActiveCfg = Release|Any CPU
		{AD71C6BD-66D8-4EEA-BAC4-B12C7F519EFB}.Release|Any CPU.Build.0 = Release|Any CPU
		{AD71C6BD-66D8-4EEA-BAC4-B12C7F519EFB}.Release|x64.ActiveCfg = Release|Any CPU
		{AD71C6BD-66D8-4EEA-BAC4-B12C7F519EFB}.Release|x64.Build.0 = Release|Any CPU
		{AD71C6BD-66D8-4EEA-BAC4-B12C7F519EFB}.Release|x86.ActiveCfg = Release|Any CPU
		{AD71C6BD-66D8-4EEA-BAC4-B12C7F519EFB}.Release|x86.Build.0 = Release|Any CPU
		{67769DF1-C9C7-4220-B541-3C0EE12068EA}.Debug|Any CPU.ActiveCfg = Debug|Any CPU
		{67769DF1-C9C7-4220-B541-3C0EE12068EA}.Debug|Any CPU.Build.0 = Debug|Any CPU
		{67769DF1-C9C7-4220-B541-3C0EE12068EA}.Debug|x64.ActiveCfg = Debug|Any CPU
		{67769DF1-C9C7-4220-B541-3C0EE12068EA}.Debug|x64.Build.0 = Debug|Any CPU
		{67769DF1-C9C7-4220-B541-3C0EE12068EA}.Debug|x86.ActiveCfg = Debug|Any CPU
		{67769DF1-C9C7-4220-B541-3C0EE12068EA}.Debug|x86.Build.0 = Debug|Any CPU
		{67769DF1-C9C7-4220-B541-3C0EE12068EA}.Release|Any CPU.ActiveCfg = Release|Any CPU
		{67769DF1-C9C7-4220-B541-3C0EE12068EA}.Release|Any CPU.Build.0 = Release|Any CPU
		{67769DF1-C9C7-4220-B541-3C0EE12068EA}.Release|x64.ActiveCfg = Release|Any CPU
		{67769DF1-C9C7-4220-B541-3C0EE12068EA}.Release|x64.Build.0 = Release|Any CPU
		{67769DF1-C9C7-4220-B541-3C0EE12068EA}.Release|x86.ActiveCfg = Release|Any CPU
		{67769DF1-C9C7-4220-B541-3C0EE12068EA}.Release|x86.Build.0 = Release|Any CPU
		{1C93448F-0446-442B-96E2-BE944BFD15C6}.Debug|Any CPU.ActiveCfg = Debug|Any CPU
		{1C93448F-0446-442B-96E2-BE944BFD15C6}.Debug|Any CPU.Build.0 = Debug|Any CPU
		{1C93448F-0446-442B-96E2-BE944BFD15C6}.Debug|x64.ActiveCfg = Debug|Any CPU
		{1C93448F-0446-442B-96E2-BE944BFD15C6}.Debug|x64.Build.0 = Debug|Any CPU
		{1C93448F-0446-442B-96E2-BE944BFD15C6}.Debug|x86.ActiveCfg = Debug|Any CPU
		{1C93448F-0446-442B-96E2-BE944BFD15C6}.Debug|x86.Build.0 = Debug|Any CPU
		{1C93448F-0446-442B-96E2-BE944BFD15C6}.Release|Any CPU.ActiveCfg = Release|Any CPU
		{1C93448F-0446-442B-96E2-BE944BFD15C6}.Release|Any CPU.Build.0 = Release|Any CPU
		{1C93448F-0446-442B-96E2-BE944BFD15C6}.Release|x64.ActiveCfg = Release|Any CPU
		{1C93448F-0446-442B-96E2-BE944BFD15C6}.Release|x64.Build.0 = Release|Any CPU
		{1C93448F-0446-442B-96E2-BE944BFD15C6}.Release|x86.ActiveCfg = Release|Any CPU
		{1C93448F-0446-442B-96E2-BE944BFD15C6}.Release|x86.Build.0 = Release|Any CPU
		{795F5F2D-8D35-4475-B49A-4D9931EB9E6A}.Debug|Any CPU.ActiveCfg = Debug|Any CPU
		{795F5F2D-8D35-4475-B49A-4D9931EB9E6A}.Debug|Any CPU.Build.0 = Debug|Any CPU
		{795F5F2D-8D35-4475-B49A-4D9931EB9E6A}.Debug|x64.ActiveCfg = Debug|Any CPU
		{795F5F2D-8D35-4475-B49A-4D9931EB9E6A}.Debug|x64.Build.0 = Debug|Any CPU
		{795F5F2D-8D35-4475-B49A-4D9931EB9E6A}.Debug|x86.ActiveCfg = Debug|Any CPU
		{795F5F2D-8D35-4475-B49A-4D9931EB9E6A}.Debug|x86.Build.0 = Debug|Any CPU
		{795F5F2D-8D35-4475-B49A-4D9931EB9E6A}.Release|Any CPU.ActiveCfg = Release|Any CPU
		{795F5F2D-8D35-4475-B49A-4D9931EB9E6A}.Release|Any CPU.Build.0 = Release|Any CPU
		{795F5F2D-8D35-4475-B49A-4D9931EB9E6A}.Release|x64.ActiveCfg = Release|Any CPU
		{795F5F2D-8D35-4475-B49A-4D9931EB9E6A}.Release|x64.Build.0 = Release|Any CPU
		{795F5F2D-8D35-4475-B49A-4D9931EB9E6A}.Release|x86.ActiveCfg = Release|Any CPU
		{795F5F2D-8D35-4475-B49A-4D9931EB9E6A}.Release|x86.Build.0 = Release|Any CPU
		{A729CD30-498F-4C03-8C43-ECFB6FD70E90}.Debug|Any CPU.ActiveCfg = Debug|Any CPU
		{A729CD30-498F-4C03-8C43-ECFB6FD70E90}.Debug|Any CPU.Build.0 = Debug|Any CPU
		{A729CD30-498F-4C03-8C43-ECFB6FD70E90}.Debug|x64.ActiveCfg = Debug|Any CPU
		{A729CD30-498F-4C03-8C43-ECFB6FD70E90}.Debug|x64.Build.0 = Debug|Any CPU
		{A729CD30-498F-4C03-8C43-ECFB6FD70E90}.Debug|x86.ActiveCfg = Debug|Any CPU
		{A729CD30-498F-4C03-8C43-ECFB6FD70E90}.Debug|x86.Build.0 = Debug|Any CPU
		{A729CD30-498F-4C03-8C43-ECFB6FD70E90}.Release|Any CPU.ActiveCfg = Release|Any CPU
		{A729CD30-498F-4C03-8C43-ECFB6FD70E90}.Release|Any CPU.Build.0 = Release|Any CPU
		{A729CD30-498F-4C03-8C43-ECFB6FD70E90}.Release|x64.ActiveCfg = Release|Any CPU
		{A729CD30-498F-4C03-8C43-ECFB6FD70E90}.Release|x64.Build.0 = Release|Any CPU
		{A729CD30-498F-4C03-8C43-ECFB6FD70E90}.Release|x86.ActiveCfg = Release|Any CPU
		{A729CD30-498F-4C03-8C43-ECFB6FD70E90}.Release|x86.Build.0 = Release|Any CPU
		{F8ABFD8F-541B-4E22-9B1B-62CE32FB54E7}.Debug|Any CPU.ActiveCfg = Debug|Any CPU
		{F8ABFD8F-541B-4E22-9B1B-62CE32FB54E7}.Debug|Any CPU.Build.0 = Debug|Any CPU
		{F8ABFD8F-541B-4E22-9B1B-62CE32FB54E7}.Debug|x64.ActiveCfg = Debug|Any CPU
		{F8ABFD8F-541B-4E22-9B1B-62CE32FB54E7}.Debug|x64.Build.0 = Debug|Any CPU
		{F8ABFD8F-541B-4E22-9B1B-62CE32FB54E7}.Debug|x86.ActiveCfg = Debug|Any CPU
		{F8ABFD8F-541B-4E22-9B1B-62CE32FB54E7}.Debug|x86.Build.0 = Debug|Any CPU
		{F8ABFD8F-541B-4E22-9B1B-62CE32FB54E7}.Release|Any CPU.ActiveCfg = Release|Any CPU
		{F8ABFD8F-541B-4E22-9B1B-62CE32FB54E7}.Release|Any CPU.Build.0 = Release|Any CPU
		{F8ABFD8F-541B-4E22-9B1B-62CE32FB54E7}.Release|x64.ActiveCfg = Release|Any CPU
		{F8ABFD8F-541B-4E22-9B1B-62CE32FB54E7}.Release|x64.Build.0 = Release|Any CPU
		{F8ABFD8F-541B-4E22-9B1B-62CE32FB54E7}.Release|x86.ActiveCfg = Release|Any CPU
		{F8ABFD8F-541B-4E22-9B1B-62CE32FB54E7}.Release|x86.Build.0 = Release|Any CPU
		{E5B83928-8C71-4090-8420-7A5CAB386321}.Debug|Any CPU.ActiveCfg = Debug|Any CPU
		{E5B83928-8C71-4090-8420-7A5CAB386321}.Debug|Any CPU.Build.0 = Debug|Any CPU
		{E5B83928-8C71-4090-8420-7A5CAB386321}.Debug|x64.ActiveCfg = Debug|Any CPU
		{E5B83928-8C71-4090-8420-7A5CAB386321}.Debug|x64.Build.0 = Debug|Any CPU
		{E5B83928-8C71-4090-8420-7A5CAB386321}.Debug|x86.ActiveCfg = Debug|Any CPU
		{E5B83928-8C71-4090-8420-7A5CAB386321}.Debug|x86.Build.0 = Debug|Any CPU
		{E5B83928-8C71-4090-8420-7A5CAB386321}.Release|Any CPU.ActiveCfg = Release|Any CPU
		{E5B83928-8C71-4090-8420-7A5CAB386321}.Release|Any CPU.Build.0 = Release|Any CPU
		{E5B83928-8C71-4090-8420-7A5CAB386321}.Release|x64.ActiveCfg = Release|Any CPU
		{E5B83928-8C71-4090-8420-7A5CAB386321}.Release|x64.Build.0 = Release|Any CPU
		{E5B83928-8C71-4090-8420-7A5CAB386321}.Release|x86.ActiveCfg = Release|Any CPU
		{E5B83928-8C71-4090-8420-7A5CAB386321}.Release|x86.Build.0 = Release|Any CPU
	EndGlobalSection
	GlobalSection(SolutionProperties) = preSolution
		HideSolutionNode = FALSE
	EndGlobalSection
EndGlobal
